{
  "version": 4,
  "terraform_version": "1.2.3",
  "serial": 16,
  "lineage": "876e51a5-383f-25c2-17f7-2ddb54bb63d6",
  "outputs": {},
  "resources": [
    {
      "mode": "managed",
      "type": "yandex_compute_instance",
      "name": "knives-gitlab",
      "provider": "provider[\"registry.terraform.io/yandex-cloud/yandex\"]",
      "instances": [
        {
          "schema_version": 1,
          "attributes": {
            "allow_recreate": null,
            "allow_stopping_for_update": null,
            "boot_disk": [
              {
                "auto_delete": true,
                "device_name": "fhmp5taas350buo7mank",
                "disk_id": "fhmp5taas350buo7mank",
                "initialize_params": [
                  {
                    "block_size": 4096,
                    "description": "",
                    "image_id": "fd83nikl07rd12b7c94t",
                    "name": "",
                    "size": 6,
                    "snapshot_id": "",
                    "type": "network-hdd"
                  }
                ],
                "mode": "READ_WRITE"
              }
            ],
            "created_at": "2022-06-27T09:15:56Z",
            "description": "Gitlab instance knives project",
            "folder_id": "b1gnjugi4boqmhs57gu0",
            "fqdn": "fhm478ltv66qnmklal5h.auto.internal",
            "hostname": "fhm478ltv66qnmklal5h",
            "id": "fhm478ltv66qnmklal5h",
            "labels": {},
            "metadata": {
              "ssh-keys": "ubuntu:ssh-rsa AAAAB3NzaC1yc2EAAAADAQABAAABgQC6RL57Blm3qQJLFEfOfutR9bxMhQbLWajNwW0xnRUi+OS88wXEWyjfuuZjzL1Wtvlsrvf9PWhZEYiAGQnXr6zZykkQFim4SMV/5rpKM/a6iD/sp+RoA89aNV1T309OR9lCMfaPUPPHtc7OmOYUZG2pwwFj4zuuPfiGzYfgdhcPnjP5GedfcDd7/qvYrDa8AAdNTpMl53sNJLQuy0qNLg+tYWfjqD9dkauE93lcOKpJWvUicCsL5j10pWrIbu7B5yuNFYH0zpp8zHcU6j2VSB0C8RI97RyHUHvdgGL/syfChOk2sboRx01bFaV1NsfvcJs+zYbqGxzz+CBlFgK+bOb373QC/NJ/kA80nyCbQAlFLP1lbt/YlAIlmUozQTAk/lXbY9KTgvkZ2WNYDdzY3ZBREarzwKPwyndkea6cb2NEEN4WCgppkR0isssNaTvftQYu9BEkxnEd3/OwjuBxPdv1slEhpkAyFNg92ci2RD98K1m/5GjVYQI7KEd0HIyRPIs= dunice@Kirills-Mac-mini.local\n"
            },
            "name": "knives-gitlab",
            "network_acceleration_type": "standard",
            "network_interface": [
              {
                "dns_record": [],
                "index": 0,
                "ip_address": "10.2.0.21",
                "ipv4": true,
                "ipv6": false,
                "ipv6_address": "",
                "ipv6_dns_record": [],
                "mac_address": "d0:0d:43:a2:bd:f9",
                "nat": true,
                "nat_dns_record": [],
                "nat_ip_address": "51.250.4.163",
                "nat_ip_version": "IPV4",
                "security_group_ids": [],
                "subnet_id": "e9batifjmd8lb1guutai"
              }
            ],
            "placement_policy": [
              {
                "host_affinity_rules": [],
                "placement_group_id": ""
              }
            ],
            "platform_id": "standard-v1",
            "resources": [
              {
                "core_fraction": 100,
                "cores": 4,
                "gpus": 0,
                "memory": 8
              }
            ],
            "scheduling_policy": [
              {
                "preemptible": false
              }
            ],
            "secondary_disk": [],
            "service_account_id": "",
            "status": "running",
            "timeouts": null,
            "zone": "ru-central1-a"
          },
          "sensitive_attributes": [],
          "private": "eyJlMmJmYjczMC1lY2FhLTExZTYtOGY4OC0zNDM2M2JjN2M0YzAiOnsiY3JlYXRlIjozMDAwMDAwMDAwMDAsImRlbGV0ZSI6MzAwMDAwMDAwMDAwLCJ1cGRhdGUiOjMwMDAwMDAwMDAwMH0sInNjaGVtYV92ZXJzaW9uIjoiMSJ9",
          "dependencies": [
            "yandex_vpc_network.knives-network",
            "yandex_vpc_subnet.knives-subnet-a"
          ]
        }
      ]
    },
    {
      "mode": "managed",
      "type": "yandex_container_registry",
      "name": "knives-registry",
      "provider": "provider[\"registry.terraform.io/yandex-cloud/yandex\"]",
      "instances": [
        {
          "schema_version": 0,
          "attributes": {
            "created_at": "2022-06-27T11:04:12Z",
            "folder_id": "b1gnjugi4boqmhs57gu0",
            "id": "crpotn474o2gll0duhmn",
            "labels": {},
            "name": "knives-registry",
            "status": "active",
            "timeouts": null
          },
          "sensitive_attributes": [],
          "private": "eyJlMmJmYjczMC1lY2FhLTExZTYtOGY4OC0zNDM2M2JjN2M0YzAiOnsiY3JlYXRlIjo5MDAwMDAwMDAwMDAsImRlbGV0ZSI6OTAwMDAwMDAwMDAwLCJ1cGRhdGUiOjkwMDAwMDAwMDAwMH19"
        }
      ]
    },
    {
      "mode": "managed",
      "type": "yandex_iam_service_account",
      "name": "k8s-account",
      "provider": "provider[\"registry.terraform.io/yandex-cloud/yandex\"]",
      "instances": [
        {
          "schema_version": 0,
          "attributes": {
            "created_at": "2022-06-27T09:15:52Z",
            "description": "Cluster service account",
            "folder_id": "b1gnjugi4boqmhs57gu0",
            "id": "aje1cmi35gddao5i2u3u",
            "name": "k8s-account",
            "timeouts": null
          },
          "sensitive_attributes": [],
          "private": "eyJlMmJmYjczMC1lY2FhLTExZTYtOGY4OC0zNDM2M2JjN2M0YzAiOnsiY3JlYXRlIjo2MDAwMDAwMDAwMCwiZGVsZXRlIjo2MDAwMDAwMDAwMCwidXBkYXRlIjo2MDAwMDAwMDAwMH19"
        }
      ]
    },
    {
      "mode": "managed",
      "type": "yandex_iam_service_account",
      "name": "k8s-node-account",
      "provider": "provider[\"registry.terraform.io/yandex-cloud/yandex\"]",
      "instances": [
        {
          "schema_version": 0,
          "attributes": {
            "created_at": "2022-06-27T09:15:53Z",
            "description": "Cluster node service account",
            "folder_id": "b1gnjugi4boqmhs57gu0",
            "id": "ajebvnii4q2hieb424gu",
            "name": "k8s-node-account",
            "timeouts": null
          },
          "sensitive_attributes": [],
          "private": "eyJlMmJmYjczMC1lY2FhLTExZTYtOGY4OC0zNDM2M2JjN2M0YzAiOnsiY3JlYXRlIjo2MDAwMDAwMDAwMCwiZGVsZXRlIjo2MDAwMDAwMDAwMCwidXBkYXRlIjo2MDAwMDAwMDAwMH19"
        }
      ]
    },
    {
      "mode": "managed",
      "type": "yandex_kms_symmetric_key",
      "name": "k8s-key",
      "provider": "provider[\"registry.terraform.io/yandex-cloud/yandex\"]",
      "instances": [
        {
          "schema_version": 0,
          "attributes": {
            "created_at": "2022-06-27T09:15:52Z",
            "default_algorithm": "AES_128",
            "description": "Cluster key",
            "folder_id": "b1gnjugi4boqmhs57gu0",
            "id": "abjr5va87hol9forn9va",
            "labels": {},
            "name": "k8s-key",
            "rotated_at": "",
            "rotation_period": "8760h0m0s",
            "status": "active",
            "timeouts": null
          },
          "sensitive_attributes": [],
          "private": "eyJlMmJmYjczMC1lY2FhLTExZTYtOGY4OC0zNDM2M2JjN2M0YzAiOnsiY3JlYXRlIjo2MDAwMDAwMDAwMCwiZGVsZXRlIjo2MDAwMDAwMDAwMCwicmVhZCI6NjAwMDAwMDAwMDAsInVwZGF0ZSI6NjAwMDAwMDAwMDB9fQ=="
        }
      ]
    },
    {
      "mode": "managed",
      "type": "yandex_kubernetes_cluster",
      "name": "knives-k8s-cluster",
      "provider": "provider[\"registry.terraform.io/yandex-cloud/yandex\"]",
      "instances": [
        {
          "schema_version": 0,
          "attributes": {
            "cluster_ipv4_range": "10.112.0.0/16",
            "cluster_ipv6_range": "",
            "created_at": "2022-06-27T09:15:56Z",
            "description": "Cluster k8s knives project",
            "folder_id": "b1gnjugi4boqmhs57gu0",
            "health": "healthy",
            "id": "catk1qb087e92dgil28c",
            "kms_provider": [
              {
                "key_id": "abjr5va87hol9forn9va"
              }
            ],
            "labels": {
              "app": "knives"
            },
            "log_group_id": "ckgfhd8j37r99bu8h135",
            "master": [
              {
                "cluster_ca_certificate": "-----BEGIN CERTIFICATE-----\nMIIC5zCCAc+gAwIBAgIBADANBgkqhkiG9w0BAQsFADAVMRMwEQYDVQQDEwprdWJl\ncm5ldGVzMB4XDTIyMDYyNzA5MTU1N1oXDTMyMDYyNDA5MTU1N1owFTETMBEGA1UE\nAxMKa3ViZXJuZXRlczCCASIwDQYJKoZIhvcNAQEBBQADggEPADCCAQoCggEBAMES\nusw0tGCVwKkp56F7fSa9RiyakW35oU7c9aZFdNxd38M9l1gRc0hPL9P18Hx4ZDpw\nK7sAkpNyxN3wGJd55h9naufRHzF60SooWVDNranzTf/S1V+VZZitdzLDo+lsCvIA\n+U4bRvISXdUjoeUNe/dXM3XtS8JgkVen5OJWkvfbLFRweq5KoqoJNRNZqE9MW0aY\n5mKhhwD/zYzCyk4HxfCNdpj7p1YH8VMPGzVDw3/69OjMRSJ55CXQsO9xct0icQYo\nH4GG2IJX+qzFFyfbmtMFHKij96Xole7JQkRTh1tqR7s9YQAEm0PrZhC1fHb6/eVa\n2x2OfVPcjkEqgdh4YOcCAwEAAaNCMEAwDgYDVR0PAQH/BAQDAgKkMA8GA1UdEwEB\n/wQFMAMBAf8wHQYDVR0OBBYEFNdaXwlLEHYdGQig2cnYbHvHw93cMA0GCSqGSIb3\nDQEBCwUAA4IBAQAS9UrPcYP4yvfHqm4Kjrpw0O/KTpBm74al0PsYDbLGGTMjDe0E\nDFCr5VxWVmpOSGGaTyXM/KIboi3o1xISGOStVF5HfNBlbAU+LgajGe4peLJ0M1dc\ngNiRjxXrSAaju6ShcbMuAiJX1Ohvlxgt3ll2y3/WPTJN3a+cMMKTDyB9FmrgJwvl\ngCalQQ25bv64GWqJHJoHM9eCziC7QIhk1XXHbnXNx1fBKkkhe2dwnDeczv/5M9mg\nLUngboY2sXUNe8MG1Gg9dBfxsOD0NogjT9LEA96/v1xhbjbl5cPEF9VW2J3i9Fi0\n62fPaoIrAt/eUL5KH4Q/UDRzroHAHtMp49+1\n-----END CERTIFICATE-----\n",
                "external_v4_address": "51.250.95.117",
                "external_v4_endpoint": "https://51.250.95.117",
                "internal_v4_address": "10.2.0.12",
                "internal_v4_endpoint": "https://10.2.0.12",
                "maintenance_policy": [
                  {
                    "auto_upgrade": true,
                    "maintenance_window": []
                  }
                ],
                "public_ip": true,
                "regional": [],
                "security_group_ids": [],
                "version": "1.20",
                "version_info": [
                  {
                    "current_version": "1.20",
                    "new_revision_available": false,
                    "new_revision_summary": "",
                    "version_deprecated": false
                  }
                ],
                "zonal": [
                  {
                    "subnet_id": "e9batifjmd8lb1guutai",
                    "zone": "ru-central1-a"
                  }
                ]
              }
            ],
            "name": "knives-k8s-cluster",
            "network_id": "enpluuu2ntrlkkrbh2g5",
            "network_implementation": [],
            "network_policy_provider": null,
            "node_ipv4_cidr_mask_size": 24,
            "node_service_account_id": "ajebvnii4q2hieb424gu",
            "release_channel": "REGULAR",
            "service_account_id": "aje1cmi35gddao5i2u3u",
            "service_ipv4_range": "10.96.0.0/16",
            "service_ipv6_range": "",
            "status": "running",
            "timeouts": null
          },
          "sensitive_attributes": [],
          "private": "eyJlMmJmYjczMC1lY2FhLTExZTYtOGY4OC0zNDM2M2JjN2M0YzAiOnsiY3JlYXRlIjoxODAwMDAwMDAwMDAwLCJkZWxldGUiOjEyMDAwMDAwMDAwMDAsInJlYWQiOjMwMDAwMDAwMDAwMCwidXBkYXRlIjoxODAwMDAwMDAwMDAwfX0=",
          "dependencies": [
            "yandex_iam_service_account.k8s-account",
            "yandex_iam_service_account.k8s-node-account",
            "yandex_kms_symmetric_key.k8s-key",
            "yandex_vpc_network.knives-network",
            "yandex_vpc_subnet.knives-subnet-a"
          ]
        }
      ]
    },
    {
      "mode": "managed",
      "type": "yandex_kubernetes_node_group",
      "name": "knives-nodes",
      "provider": "provider[\"registry.terraform.io/yandex-cloud/yandex\"]",
      "instances": [
        {
          "schema_version": 0,
          "attributes": {
            "allocation_policy": [
              {
                "location": [
                  {
                    "subnet_id": "b0c04t7mieh8t4n82df4",
                    "zone": "ru-central1-c"
                  }
                ]
              }
            ],
            "allowed_unsafe_sysctls": null,
            "cluster_id": "catk1qb087e92dgil28c",
            "created_at": "2022-06-27T12:30:12Z",
            "deploy_policy": [
              {
                "max_expansion": 3,
                "max_unavailable": 0
              }
            ],
            "description": "",
            "id": "catkc8g1ccsuo2940qp2",
            "instance_group_id": "cl1a057s8ejev6nnoc15",
            "instance_template": [
              {
                "boot_disk": [
                  {
                    "size": 96,
                    "type": "network-hdd"
                  }
                ],
                "container_runtime": [],
                "metadata": {},
                "nat": true,
                "network_acceleration_type": "type_unspecified",
                "network_interface": [
                  {
                    "ipv4": true,
                    "ipv6": false,
                    "nat": true,
                    "security_group_ids": null,
                    "subnet_ids": [
                      "b0c04t7mieh8t4n82df4"
                    ]
                  }
                ],
                "placement_policy": [],
                "platform_id": "standard-v2",
                "resources": [
                  {
                    "core_fraction": 100,
                    "cores": 4,
                    "gpus": 0,
                    "memory": 8
                  }
                ],
                "scheduling_policy": [
                  {
                    "preemptible": false
                  }
                ]
              }
            ],
            "labels": {},
            "maintenance_policy": [
              {
                "auto_repair": true,
                "auto_upgrade": true,
                "maintenance_window": []
              }
            ],
            "name": "",
            "node_labels": null,
            "node_taints": null,
            "scale_policy": [
              {
                "auto_scale": [
                  {
                    "initial": 4,
                    "max": 8,
                    "min": 4
                  }
                ],
                "fixed_scale": []
              }
            ],
            "status": "running",
            "timeouts": null,
            "version": "1.20",
            "version_info": [
              {
                "current_version": "1.20",
                "new_revision_available": false,
                "new_revision_summary": "",
                "version_deprecated": false
              }
            ]
          },
          "sensitive_attributes": [],
          "private": "eyJlMmJmYjczMC1lY2FhLTExZTYtOGY4OC0zNDM2M2JjN2M0YzAiOnsiY3JlYXRlIjozNjAwMDAwMDAwMDAwLCJkZWxldGUiOjEyMDAwMDAwMDAwMDAsInJlYWQiOjYwMDAwMDAwMDAwMCwidXBkYXRlIjozNjAwMDAwMDAwMDAwfX0=",
          "dependencies": [
            "yandex_kubernetes_cluster.knives-k8s-cluster",
            "yandex_vpc_subnet.knives-subnet-c"
          ]
        }
      ]
    },
    {
      "mode": "managed",
      "type": "yandex_resourcemanager_folder_iam_binding",
      "name": "editor",
      "provider": "provider[\"registry.terraform.io/yandex-cloud/yandex\"]",
      "instances": [
        {
          "schema_version": 0,
          "attributes": {
            "folder_id": "b1gnjugi4boqmhs57gu0",
            "id": "b1gnjugi4boqmhs57gu0/editor",
            "members": [
              "serviceAccount:aje1cmi35gddao5i2u3u"
            ],
            "role": "editor",
            "sleep_after": null
          },
          "sensitive_attributes": [],
          "private": "bnVsbA==",
          "dependencies": [
            "yandex_iam_service_account.k8s-account"
          ]
        }
      ]
    },
    {
      "mode": "managed",
      "type": "yandex_resourcemanager_folder_iam_binding",
      "name": "images-puller",
      "provider": "provider[\"registry.terraform.io/yandex-cloud/yandex\"]",
      "instances": [
        {
          "schema_version": 0,
          "attributes": {
            "folder_id": "b1gnjugi4boqmhs57gu0",
            "id": "b1gnjugi4boqmhs57gu0/container-registry.images.puller",
            "members": [
              "serviceAccount:ajebvnii4q2hieb424gu"
            ],
            "role": "container-registry.images.puller",
            "sleep_after": null
          },
          "sensitive_attributes": [],
          "private": "bnVsbA==",
          "dependencies": [
            "yandex_iam_service_account.k8s-node-account"
          ]
        }
      ]
    },
    {
      "mode": "managed",
      "type": "yandex_vpc_network",
      "name": "knives-network",
      "provider": "provider[\"registry.terraform.io/yandex-cloud/yandex\"]",
      "instances": [
        {
          "schema_version": 0,
          "attributes": {
            "created_at": "2022-06-27T09:15:53Z",
            "default_security_group_id": "",
            "description": "Network knives project",
            "folder_id": "b1gnjugi4boqmhs57gu0",
            "id": "enpluuu2ntrlkkrbh2g5",
            "labels": {},
            "name": "knives-network",
            "subnet_ids": [
              "b0c04t7mieh8t4n82df4",
              "e2l8p6llq7q7ucqe5faj",
              "e9batifjmd8lb1guutai",
              "e9bfhi175haea66h07vi",
              "e9bs7b3rrr91th1tih1e"
            ],
            "timeouts": null
          },
          "sensitive_attributes": [],
          "private": "eyJlMmJmYjczMC1lY2FhLTExZTYtOGY4OC0zNDM2M2JjN2M0YzAiOnsiY3JlYXRlIjo2MDAwMDAwMDAwMCwiZGVsZXRlIjo2MDAwMDAwMDAwMCwidXBkYXRlIjo2MDAwMDAwMDAwMH19"
        }
      ]
    },
    {
      "mode": "managed",
      "type": "yandex_vpc_subnet",
      "name": "knives-subnet-a",
      "provider": "provider[\"registry.terraform.io/yandex-cloud/yandex\"]",
      "instances": [
        {
          "schema_version": 0,
          "attributes": {
            "created_at": "2022-06-27T09:15:55Z",
            "description": "Subnet Central A sector knives project",
            "dhcp_options": [],
            "folder_id": "b1gnjugi4boqmhs57gu0",
            "id": "e9batifjmd8lb1guutai",
            "labels": {},
            "name": "knives-subnet-a",
            "network_id": "enpluuu2ntrlkkrbh2g5",
            "route_table_id": "",
            "timeouts": null,
            "v4_cidr_blocks": [
              "10.2.0.0/16"
            ],
            "v6_cidr_blocks": [],
            "zone": "ru-central1-a"
          },
          "sensitive_attributes": [],
          "private": "eyJlMmJmYjczMC1lY2FhLTExZTYtOGY4OC0zNDM2M2JjN2M0YzAiOnsiY3JlYXRlIjoxODAwMDAwMDAwMDAsImRlbGV0ZSI6MTgwMDAwMDAwMDAwLCJ1cGRhdGUiOjE4MDAwMDAwMDAwMH19",
          "dependencies": [
            "yandex_vpc_network.knives-network"
          ]
        }
      ]
    },
    {
      "mode": "managed",
      "type": "yandex_vpc_subnet",
      "name": "knives-subnet-b",
      "provider": "provider[\"registry.terraform.io/yandex-cloud/yandex\"]",
      "instances": [
        {
          "schema_version": 0,
          "attributes": {
            "created_at": "2022-06-27T09:15:54Z",
            "description": "Subnet Central B sector knives project",
            "dhcp_options": [],
            "folder_id": "b1gnjugi4boqmhs57gu0",
            "id": "e2l8p6llq7q7ucqe5faj",
            "labels": {},
            "name": "knives-subnet-b",
            "network_id": "enpluuu2ntrlkkrbh2g5",
            "route_table_id": "",
            "timeouts": null,
            "v4_cidr_blocks": [
              "10.3.0.0/16"
            ],
            "v6_cidr_blocks": [],
            "zone": "ru-central1-b"
          },
          "sensitive_attributes": [],
          "private": "eyJlMmJmYjczMC1lY2FhLTExZTYtOGY4OC0zNDM2M2JjN2M0YzAiOnsiY3JlYXRlIjoxODAwMDAwMDAwMDAsImRlbGV0ZSI6MTgwMDAwMDAwMDAwLCJ1cGRhdGUiOjE4MDAwMDAwMDAwMH19",
          "dependencies": [
            "yandex_vpc_network.knives-network"
          ]
        }
      ]
    },
    {
      "mode": "managed",
      "type": "yandex_vpc_subnet",
      "name": "knives-subnet-c",
      "provider": "provider[\"registry.terraform.io/yandex-cloud/yandex\"]",
      "instances": [
        {
          "schema_version": 0,
          "attributes": {
            "created_at": "2022-06-27T09:15:55Z",
            "description": "Subnet Central C sector knives project",
            "dhcp_options": [],
            "folder_id": "b1gnjugi4boqmhs57gu0",
            "id": "b0c04t7mieh8t4n82df4",
            "labels": {},
            "name": "knives-subnet-c",
            "network_id": "enpluuu2ntrlkkrbh2g5",
            "route_table_id": "",
            "timeouts": null,
            "v4_cidr_blocks": [
              "10.4.0.0/16"
            ],
            "v6_cidr_blocks": [],
            "zone": "ru-central1-c"
          },
          "sensitive_attributes": [],
          "private": "eyJlMmJmYjczMC1lY2FhLTExZTYtOGY4OC0zNDM2M2JjN2M0YzAiOnsiY3JlYXRlIjoxODAwMDAwMDAwMDAsImRlbGV0ZSI6MTgwMDAwMDAwMDAwLCJ1cGRhdGUiOjE4MDAwMDAwMDAwMH19",
          "dependencies": [
            "yandex_vpc_network.knives-network"
          ]
        }
      ]
    }
  ]
}
